
Microsoft Visual Studio Solution File, Format Version 12.00
# Visual Studio Version 17
VisualStudioVersion = 17.11.35312.102
MinimumVisualStudioVersion = 10.0.40219.1
Project("{FAE04EC0-301F-11D3-BF4B-00C04F79EFBC}") = "TCPServerObligatiryAssignment", "TCPServerObligatiryAssignment\TCPServerObligatiryAssignment.csproj", "{F1114223-56FE-45E8-BEE9-5086055C0541}"
EndProject
Global
	GlobalSection(SolutionConfigurationPlatforms) = preSolution
		Debug|Any CPU = Debug|Any CPU
		Release|Any CPU = Release|Any CPU
	EndGlobalSection
	GlobalSection(ProjectConfigurationPlatforms) = postSolution
		{F1114223-56FE-45E8-BEE9-5086055C0541}.Debug|Any CPU.ActiveCfg = Debug|Any CPU
		{F1114223-56FE-45E8-BEE9-5086055C0541}.Debug|Any CPU.Build.0 = Debug|Any CPU
		{F1114223-56FE-45E8-BEE9-5086055C0541}.Release|Any CPU.ActiveCfg = Release|Any CPU
		{F1114223-56FE-45E8-BEE9-5086055C0541}.Release|Any CPU.Build.0 = Release|Any CPU
	EndGlobalSection
	GlobalSection(SolutionProperties) = preSolution
		HideSolutionNode = FALSE
	EndGlobalSection
	GlobalSection(ExtensibilityGlobals) = postSolution
		SolutionGuid = {AFCA50CB-636F-48DE-8F84-DCF88AEA4779}
	EndGlobalSection
EndGlobal
